
Microsoft Visual Studio Solution File, Format Version 12.00
# Visual Studio Version 17
VisualStudioVersion = 17.5.33530.505
MinimumVisualStudioVersion = 10.0.40219.1
Project("{FAE04EC0-301F-11D3-BF4B-00C04F79EFBC}") = "MvcMovieDemo", "MvcMovieDemo\MvcMovieDemo.csproj", "{446E40C8-A427-450E-903C-DACCF72D50A3}"
EndProject
Global
	GlobalSection(SolutionConfigurationPlatforms) = preSolution
		Debug|Any CPU = Debug|Any CPU
		Release|Any CPU = Release|Any CPU
	EndGlobalSection
	GlobalSection(ProjectConfigurationPlatforms) = postSolution
		{446E40C8-A427-450E-903C-DACCF72D50A3}.Debug|Any CPU.ActiveCfg = Debug|Any CPU
		{446E40C8-A427-450E-903C-DACCF72D50A3}.Debug|Any CPU.Build.0 = Debug|Any CPU
		{446E40C8-A427-450E-903C-DACCF72D50A3}.Release|Any CPU.ActiveCfg = Release|Any CPU
		{446E40C8-A427-450E-903C-DACCF72D50A3}.Release|Any CPU.Build.0 = Release|Any CPU
	EndGlobalSection
	GlobalSection(SolutionProperties) = preSolution
		HideSolutionNode = FALSE
	EndGlobalSection
	GlobalSection(ExtensibilityGlobals) = postSolution
		SolutionGuid = {B14AA81E-E3C1-4136-B3CE-2E1C283DB885}
	EndGlobalSection
EndGlobal
